
Microsoft Visual Studio Solution File, Format Version 12.00
# Visual Studio 15
VisualStudioVersion = 15.0.28010.2036
MinimumVisualStudioVersion = 10.0.40219.1
Project("{FAE04EC0-301F-11D3-BF4B-00C04F79EFBC}") = "Calculator", "Calculator\Calculator.csproj", "{C0093173-5ACF-4961-9D5C-2EF50D8A6AAE}"
EndProject
Global
	GlobalSection(SolutionConfigurationPlatforms) = preSolution
		Debug|Any CPU = Debug|Any CPU
		Release|Any CPU = Release|Any CPU
	EndGlobalSection
	GlobalSection(ProjectConfigurationPlatforms) = postSolution
		{C0093173-5ACF-4961-9D5C-2EF50D8A6AAE}.Debug|Any CPU.ActiveCfg = Debug|Any CPU
		{C0093173-5ACF-4961-9D5C-2EF50D8A6AAE}.Debug|Any CPU.Build.0 = Debug|Any CPU
		{C0093173-5ACF-4961-9D5C-2EF50D8A6AAE}.Release|Any CPU.ActiveCfg = Release|Any CPU
		{C0093173-5ACF-4961-9D5C-2EF50D8A6AAE}.Release|Any CPU.Build.0 = Release|Any CPU
	EndGlobalSection
	GlobalSection(SolutionProperties) = preSolution
		HideSolutionNode = FALSE
	EndGlobalSection
	GlobalSection(ExtensibilityGlobals) = postSolution
		SolutionGuid = {E2FFFACA-BDD3-487E-81E4-101D313F74A0}
	EndGlobalSection
EndGlobal
